
Microsoft Visual Studio Solution File, Format Version 12.00
# Visual Studio Version 17
VisualStudioVersion = 17.5.002.0
MinimumVisualStudioVersion = 10.0.40219.1
Project("{9A19103F-16F7-4668-BE54-9A1E7A4F7556}") = "JacobResilience", "JacobResilience.csproj", "{086B339C-BF4F-40AF-B4F5-88FF14724CE2}"
EndProject
Global
	GlobalSection(SolutionConfigurationPlatforms) = preSolution
		Debug|Any CPU = Debug|Any CPU
		Release|Any CPU = Release|Any CPU
	EndGlobalSection
	GlobalSection(ProjectConfigurationPlatforms) = postSolution
		{086B339C-BF4F-40AF-B4F5-88FF14724CE2}.Debug|Any CPU.ActiveCfg = Debug|Any CPU
		{086B339C-BF4F-40AF-B4F5-88FF14724CE2}.Debug|Any CPU.Build.0 = Debug|Any CPU
		{086B339C-BF4F-40AF-B4F5-88FF14724CE2}.Release|Any CPU.ActiveCfg = Release|Any CPU
		{086B339C-BF4F-40AF-B4F5-88FF14724CE2}.Release|Any CPU.Build.0 = Release|Any CPU
	EndGlobalSection
	GlobalSection(SolutionProperties) = preSolution
		HideSolutionNode = FALSE
	EndGlobalSection
	GlobalSection(ExtensibilityGlobals) = postSolution
		SolutionGuid = {348686F6-0165-409B-B152-76E9E67EF1C7}
	EndGlobalSection
EndGlobal
